
Microsoft Visual Studio Solution File, Format Version 12.00
# Visual Studio Version 17
VisualStudioVersion = 17.0.31912.275
MinimumVisualStudioVersion = 10.0.40219.1
Project("{9A19103F-16F7-4668-BE54-9A1E7A4F7556}") = "AKS.Server", "AKS.Server\AKS.Server.csproj", "{1D79386F-FEE8-4589-99DC-802DB282DEF8}"
EndProject
Project("{9A19103F-16F7-4668-BE54-9A1E7A4F7556}") = "AKS.Shared", "AKS.Shared\AKS.Shared.csproj", "{5E0252C6-87AB-4E12-AF3D-0392D04014F7}"
EndProject
Global
	GlobalSection(SolutionConfigurationPlatforms) = preSolution
		Debug|Any CPU = Debug|Any CPU
		Release|Any CPU = Release|Any CPU
	EndGlobalSection
	GlobalSection(ProjectConfigurationPlatforms) = postSolution
		{1D79386F-FEE8-4589-99DC-802DB282DEF8}.Debug|Any CPU.ActiveCfg = Debug|Any CPU
		{1D79386F-FEE8-4589-99DC-802DB282DEF8}.Debug|Any CPU.Build.0 = Debug|Any CPU
		{1D79386F-FEE8-4589-99DC-802DB282DEF8}.Release|Any CPU.ActiveCfg = Release|Any CPU
		{1D79386F-FEE8-4589-99DC-802DB282DEF8}.Release|Any CPU.Build.0 = Release|Any CPU
		{5E0252C6-87AB-4E12-AF3D-0392D04014F7}.Debug|Any CPU.ActiveCfg = Debug|Any CPU
		{5E0252C6-87AB-4E12-AF3D-0392D04014F7}.Debug|Any CPU.Build.0 = Debug|Any CPU
		{5E0252C6-87AB-4E12-AF3D-0392D04014F7}.Release|Any CPU.ActiveCfg = Release|Any CPU
		{5E0252C6-87AB-4E12-AF3D-0392D04014F7}.Release|Any CPU.Build.0 = Release|Any CPU
	EndGlobalSection
	GlobalSection(SolutionProperties) = preSolution
		HideSolutionNode = FALSE
	EndGlobalSection
	GlobalSection(ExtensibilityGlobals) = postSolution
		SolutionGuid = {EDBDB9BC-5226-48EF-AFDC-9F9623268B24}
	EndGlobalSection
EndGlobal
